
Microsoft Visual Studio Solution File, Format Version 12.00
# Visual Studio Version 16
VisualStudioVersion = 16.0.32106.194
MinimumVisualStudioVersion = 10.0.40219.1
Project("{F184B08F-C81C-45F6-A57F-5ABD9991F28F}") = "CIS311HW5", "CIS311HW5\CIS311HW5.vbproj", "{76E1E5C0-0592-4CC0-8046-51C8E31B63F9}"
EndProject
Global
	GlobalSection(SolutionConfigurationPlatforms) = preSolution
		Debug|Any CPU = Debug|Any CPU
		Release|Any CPU = Release|Any CPU
	EndGlobalSection
	GlobalSection(ProjectConfigurationPlatforms) = postSolution
		{76E1E5C0-0592-4CC0-8046-51C8E31B63F9}.Debug|Any CPU.ActiveCfg = Debug|Any CPU
		{76E1E5C0-0592-4CC0-8046-51C8E31B63F9}.Debug|Any CPU.Build.0 = Debug|Any CPU
		{76E1E5C0-0592-4CC0-8046-51C8E31B63F9}.Release|Any CPU.ActiveCfg = Release|Any CPU
		{76E1E5C0-0592-4CC0-8046-51C8E31B63F9}.Release|Any CPU.Build.0 = Release|Any CPU
	EndGlobalSection
	GlobalSection(SolutionProperties) = preSolution
		HideSolutionNode = FALSE
	EndGlobalSection
	GlobalSection(ExtensibilityGlobals) = postSolution
		SolutionGuid = {060E9FCA-93B1-4AF1-9D7D-937BE8F2588B}
	EndGlobalSection
EndGlobal
